PODS:
  - AFNetworking (2.5.4):
    - AFNetworking/NSURLConnection (= 2.5.4)
    - AFNetworking/NSURLSession (= 2.5.4)
    - AFNetworking/Reachability (= 2.5.4)
    - AFNetworking/Security (= 2.5.4)
    - AFNetworking/Serialization (= 2.5.4)
    - AFNetworking/UIKit (= 2.5.4)
  - AFNetworking/NSURLConnection (2.5.4):
    - AFNetworking/Reachability
    - AFNetworking/Security
    - AFNetworking/Serialization
  - AFNetworking/NSURLSession (2.5.4):
    - AFNetworking/Reachability
    - AFNetworking/Security
    - AFNetworking/Serialization
  - AFNetworking/Reachability (2.5.4)
  - AFNetworking/Security (2.5.4)
  - AFNetworking/Serialization (2.5.4)
  - AFNetworking/UIKit (2.5.4):
    - AFNetworking/NSURLConnection
    - AFNetworking/NSURLSession
  - AKSegmentedControl (1.0.4)
  - CTAssetsPickerController (2.9.4)
  - DACircularProgress (2.3.1)
  - FTUtils (1.1.1)
  - HPGrowingTextView (1.1)
  - JDStatusBarNotification (1.5.2)
  - JSONKit (1.4)
  - MBProgressHUD (0.9.1)
  - MWPhotoBrowser (1.4.1):
    - DACircularProgress
    - MBProgressHUD (~> 0.8)
    - PSTCollectionView (~> 1.2)
    - SDWebImage (~> 3.7)
  - PSTCollectionView (1.2.3)
  - RDVTabBarController (1.1.9)
  - Reachability (3.2)
  - SDWebImage (3.7.2):
    - SDWebImage/Core (= 3.7.2)
  - SDWebImage/Core (3.7.2)
  - SPUserResizableView+Pion (0.5.3)
  - SSZipArchive (0.3.2)
  - UIImage-Resize (1.0.1)
  - UMengAnalytics (3.5.8)
  - UMengSocial (4.2.3)
  - ZXingObjC (3.1.0):
    - ZXingObjC/All (= 3.1.0)
  - ZXingObjC/All (3.1.0)

DEPENDENCIES:
  - AFNetworking
  - AKSegmentedControl
  - CTAssetsPickerController
  - FTUtils
  - HPGrowingTextView
  - JDStatusBarNotification
  - JSONKit
  - MBProgressHUD
  - MWPhotoBrowser
  - RDVTabBarController
  - Reachability
  - SPUserResizableView+Pion
  - SSZipArchive
  - UIImage-Resize
  - UMengAnalytics
  - UMengSocial
  - ZXingObjC

SPEC CHECKSUMS:
  AFNetworking: 05edc0ac4c4c8cf57bcf4b84be5b0744b6d8e71e
  AKSegmentedControl: c076491ef773c0d70b70d03a8e5a0c04a9efbf08
  CTAssetsPickerController: 3030dc60f5d1a3c4e5b1c0aa9f069220d5bf7008
  DACircularProgress: 4dd437c0fc3da5161cb289e07ac449493d41db71
  FTUtils: 2e66f2f650d6f4b0f6f897055791fc6604843b15
  HPGrowingTextView: 88a716d97fb853bcb08a4a08e4727da17efc9b19
  JDStatusBarNotification: a36d09ccbb047217572b074a61e7ca10dddc5f0a
  JSONKit: 5b69e804ea54d99293eed0fd2ce596c5703fefb0
  MBProgressHUD: c47f2c166c126cf2ce36498d80f33e754d4e93ad
  MWPhotoBrowser: 2531e682860d62b8a7ba8659de02eb9040e431e5
  PSTCollectionView: 6749df92885353521f55279a7ce2b293762e2be4
  RDVTabBarController: 67794f7a7a37f8e32f046f85ac67d06ab92d624a
  Reachability: 33e18b67625424e47b6cde6d202dce689ad7af96
  SDWebImage: 71b7cdc1d1721d6a82ed62889030225f2c249e29
  SPUserResizableView+Pion: 1b5f08d3391d83499bc7fc8854aacfb9fdafd5c2
  SSZipArchive: 11801759495fa4efb7512ef652eb0042d68305d7
  UIImage-Resize: fa776860f10e6900bbaf53a73e494bdceaaccc77
  UMengAnalytics: 020551718ba37da017bd85ac4c38ffba2774f3ce
  UMengSocial: 85882abe5b20aa38ad558ece71360e16b5d50909
  ZXingObjC: bf15b3814f7a105b6d99f47da2333c93a063650a

COCOAPODS: 0.37.2
